
Microsoft Visual Studio Solution File, Format Version 12.00
# Visual Studio Version 16
VisualStudioVersion = 16.0.30204.135
MinimumVisualStudioVersion = 10.0.40219.1
Project("{FAE04EC0-301F-11D3-BF4B-00C04F79EFBC}") = "ExcelSplitter", "ExcelSplitter\ExcelSplitter.csproj", "{7A4AB6A6-6A12-4D00-8C9A-830256C922ED}"
EndProject
Global
	GlobalSection(SolutionConfigurationPlatforms) = preSolution
		Debug|Any CPU = Debug|Any CPU
		Release|Any CPU = Release|Any CPU
	EndGlobalSection
	GlobalSection(ProjectConfigurationPlatforms) = postSolution
		{7A4AB6A6-6A12-4D00-8C9A-830256C922ED}.Debug|Any CPU.ActiveCfg = Debug|Any CPU
		{7A4AB6A6-6A12-4D00-8C9A-830256C922ED}.Debug|Any CPU.Build.0 = Debug|Any CPU
		{7A4AB6A6-6A12-4D00-8C9A-830256C922ED}.Release|Any CPU.ActiveCfg = Release|Any CPU
		{7A4AB6A6-6A12-4D00-8C9A-830256C922ED}.Release|Any CPU.Build.0 = Release|Any CPU
	EndGlobalSection
	GlobalSection(SolutionProperties) = preSolution
		HideSolutionNode = FALSE
	EndGlobalSection
	GlobalSection(ExtensibilityGlobals) = postSolution
		SolutionGuid = {568DB4D8-9585-4767-BFD6-50731224AFB1}
	EndGlobalSection
EndGlobal
